{
  "name": "Cinterion-JavaTool",
  "requires": true,
  "lockfileVersion": 1,
  "dependencies": {
    "browser-serialport": {
      "version": "2.1.0",
      "resolved": "https://registry.npmjs.org/browser-serialport/-/browser-serialport-2.1.0.tgz",
      "integrity": "sha1-+4QHfoS5u7uEk1quH8rJzmEF3H8="
    },
    "events": {
      "version": "1.1.1",
      "resolved": "https://registry.npmjs.org/events/-/events-1.1.1.tgz",
      "integrity": "sha1-nr23Y1rQmccNzEwqH1AEKI6L2SQ="
    },
    "fs": {
      "version": "0.0.1-security",
      "resolved": "https://registry.npmjs.org/fs/-/fs-0.0.1-security.tgz",
      "integrity": "sha1-invTcYa23d84E/I4WLV+yq9eQdQ="
    }
  }
}
